{
  "name": "Machala Laundry Service",
  "version": "1.0.0",
  "lockfileVersion": 2,
  "requires": true,
  "packages": {
    "": {
      "name": "Machala Laundry Service",
      "version": "1.0.0",
      "license": "ISC",
      "dependencies": {
        "live-server": "^1.2.2"
      },
      "devDependencies": {
        "critical": "^4.0.1",
        "css-loader": "^6.7.1",
        "css-minimizer-webpack-plugin": "^4.0.0",
        "html-critical-webpack-plugin": "^2.1.0",
        "mini-css-extract-plugin": "^2.6.1",
        "webpack": "^5.74.0",
        "webpack-cli": "^4.10.0",
        "webpack-remove-empty-scripts": "^0.8.1"
      }
    }
  }
}